Microsoft Visual Studio Solution File, Format Version 8.00
Project("{FAE04EC0-301F-11D3-BF4B-00C04F79EFBC}") = "GPSDispatcher", "GPSDispatcher\GPSDispatcher.csproj", "{83BB35BE-DA62-4C5E-9504-008B9E526D55}"
	ProjectSection(ProjectDependencies) = postProject
	EndProjectSection
EndProject
Global
	GlobalSection(SolutionConfiguration) = preSolution
		Debug = Debug
		Release = Release
	EndGlobalSection
	GlobalSection(ProjectConfiguration) = postSolution
		{83BB35BE-DA62-4C5E-9504-008B9E526D55}.Debug.ActiveCfg = Debug|.NET
		{83BB35BE-DA62-4C5E-9504-008B9E526D55}.Debug.Build.0 = Debug|.NET
		{83BB35BE-DA62-4C5E-9504-008B9E526D55}.Release.ActiveCfg = Release|.NET
		{83BB35BE-DA62-4C5E-9504-008B9E526D55}.Release.Build.0 = Release|.NET
	EndGlobalSection
	GlobalSection(ExtensibilityGlobals) = postSolution
	EndGlobalSection
	GlobalSection(ExtensibilityAddIns) = postSolution
	EndGlobalSection
EndGlobal
